
Microsoft Visual Studio Solution File, Format Version 12.00
# Visual Studio Version 17
VisualStudioVersion = 17.0.32014.148
MinimumVisualStudioVersion = 10.0.40219.1
Project("{FAE04EC0-301F-11D3-BF4B-00C04F79EFBC}") = "QuizProject", "QuizProject\QuizProject.csproj", "{32C8D820-459D-4F20-8DC0-29C57D92E8AE}"
EndProject
Global
	GlobalSection(SolutionConfigurationPlatforms) = preSolution
		Debug|Any CPU = Debug|Any CPU
		Release|Any CPU = Release|Any CPU
	EndGlobalSection
	GlobalSection(ProjectConfigurationPlatforms) = postSolution
		{32C8D820-459D-4F20-8DC0-29C57D92E8AE}.Debug|Any CPU.ActiveCfg = Debug|Any CPU
		{32C8D820-459D-4F20-8DC0-29C57D92E8AE}.Debug|Any CPU.Build.0 = Debug|Any CPU
		{32C8D820-459D-4F20-8DC0-29C57D92E8AE}.Release|Any CPU.ActiveCfg = Release|Any CPU
		{32C8D820-459D-4F20-8DC0-29C57D92E8AE}.Release|Any CPU.Build.0 = Release|Any CPU
	EndGlobalSection
	GlobalSection(SolutionProperties) = preSolution
		HideSolutionNode = FALSE
	EndGlobalSection
	GlobalSection(ExtensibilityGlobals) = postSolution
		SolutionGuid = {1D7744E4-8171-4B94-B47C-2EED3094D9AF}
	EndGlobalSection
EndGlobal
